# Generated by conda-lock.
# platform: osx-64
# env_hash: a690a2ea09e7f9aeccb8c0cc3197b0e2d7a6e78f2f00d44791e9b17267ccea09
@EXPLICIT
https://conda.anaconda.org/conda-forge/osx-64/ca-certificates-2021.10.8-h033912b_0.tar.bz2#bb82d0243db9882b509702ecb69e38f0
https://conda.anaconda.org/conda-forge/osx-64/libcxx-12.0.1-habf9029_0.tar.bz2#49c188a7f9c7c9ddabafc80cc5625bb7
https://conda.anaconda.org/conda-forge/osx-64/libzlib-1.2.11-h9173be1_1013.tar.bz2#a3a6a53beaa92c5cfe52ee3a198e78cc
https://conda.anaconda.org/conda-forge/osx-64/llvm-openmp-12.0.1-hda6cdc1_1.tar.bz2#35b1fd6ed9f0f1c68583dc9c9f672513
https://conda.anaconda.org/conda-forge/osx-64/ncurses-6.2-h2e338ed_4.tar.bz2#9cef1910395d1543527583e73dba30f1
https://conda.anaconda.org/conda-forge/osx-64/xz-5.2.5-haf1e3a3_1.tar.bz2#41116deb499e9bc58048c297d6403ce6
https://conda.anaconda.org/conda-forge/osx-64/yaml-0.2.5-haf1e3a3_0.tar.bz2#84c2fc186995c25a43e86ed708065572
https://conda.anaconda.org/conda-forge/osx-64/libffi-3.4.2-he49afe7_4.tar.bz2#48225bf0af2dafda90351a29deb33d13
https://conda.anaconda.org/conda-forge/osx-64/libgfortran5-9.3.0-h6c81a4c_23.tar.bz2#a6956ceb628b14594613cefee5127a7a
https://conda.anaconda.org/conda-forge/osx-64/openssl-1.1.1l-h0d85af4_0.tar.bz2#f7bcdbb7a5dae97030eee20b884b1f8a
https://conda.anaconda.org/conda-forge/osx-64/readline-8.1-h05e3726_0.tar.bz2#2832e9b6a7caa7cb192fcda6cfcd8871
https://conda.anaconda.org/conda-forge/osx-64/zlib-1.2.11-h9173be1_1013.tar.bz2#cf985617d679990418c380099620b01a
https://conda.anaconda.org/conda-forge/osx-64/libgfortran-5.0.0-9_3_0_h6c81a4c_23.tar.bz2#60f48cef2d50674e0428c5579b6c3f66
https://conda.anaconda.org/conda-forge/osx-64/sqlite-3.36.0-h23a322b_2.tar.bz2#9683f769193cd3148dc1fbeb59093921
https://conda.anaconda.org/conda-forge/osx-64/tk-8.6.11-h5dbffcc_1.tar.bz2#e35b11155bd70facee39dfdec7368ad0
https://conda.anaconda.org/conda-forge/osx-64/libopenblas-0.3.18-openmp_h3351f45_0.tar.bz2#a0636ed965924977a848fd0d0258cf17
https://conda.anaconda.org/conda-forge/osx-64/python-3.8.12-h17280f6_2_cpython.tar.bz2#bb51db91a60b2845e967083e6fa144d7
https://conda.anaconda.org/conda-forge/noarch/appdirs-1.4.4-pyh9f0ad1d_0.tar.bz2#5f095bc6454094e96f146491fd03633b
https://conda.anaconda.org/conda-forge/noarch/charset-normalizer-2.0.0-pyhd8ed1ab_0.tar.bz2#4a57e24d5b759893615c05926b7b5fb9
https://conda.anaconda.org/conda-forge/noarch/dataclasses-0.8-pyhc8e2a94_3.tar.bz2#a362b2124b06aad102e2ee4581acee7d
https://conda.anaconda.org/conda-forge/noarch/filelock-3.3.1-pyhd8ed1ab_0.tar.bz2#8900fb4d125b3d0145b577eea220b33f
https://conda.anaconda.org/conda-forge/noarch/idna-3.1-pyhd3deb0d_0.tar.bz2#9c9aea4b8391264477df484f798562d0
https://conda.anaconda.org/conda-forge/noarch/itsdangerous-2.0.1-pyhd8ed1ab_0.tar.bz2#030cb050b845611262dcd3ee1c66316b
https://conda.anaconda.org/conda-forge/osx-64/libblas-3.9.0-12_osx64_openblas.tar.bz2#3d38a706f06849a4b08f8a3f642bec93
https://conda.anaconda.org/conda-forge/noarch/pycparser-2.20-pyh9f0ad1d_2.tar.bz2#aa798d50ffd182a0f6f31478c7f434f6
https://conda.anaconda.org/conda-forge/osx-64/python_abi-3.8-2_cp38.tar.bz2#156803acb0247c263c9586f190b72f1c
https://conda.anaconda.org/conda-forge/noarch/pytz-2021.3-pyhd8ed1ab_0.tar.bz2#7e4f811bff46a5a6a7e0094921389395
https://conda.anaconda.org/conda-forge/noarch/six-1.16.0-pyh6c4a22f_0.tar.bz2#e5f25f8dbc060e9a8d912e432202afc2
https://conda.anaconda.org/conda-forge/noarch/tenacity-8.0.1-pyhd8ed1ab_0.tar.bz2#8b29b2c12cb21dbd057755e5fd22d005
https://conda.anaconda.org/conda-forge/noarch/toml-0.10.2-pyhd8ed1ab_0.tar.bz2#f832c45a477c78bebd107098db465095
https://conda.anaconda.org/conda-forge/noarch/typing_extensions-3.10.0.2-pyha770c72_0.tar.bz2#85dfd487a244bbe2cf7019ce8a39b5bc
https://conda.anaconda.org/conda-forge/osx-64/brotli-python-1.0.9-py38ha048514_5.tar.bz2#7c0d98f01e8375a80be6d649a539aad2
https://conda.anaconda.org/conda-forge/osx-64/certifi-2021.10.8-py38h50d1736_0.tar.bz2#d2ffd282902425ccb2936f9ddbe56b48
https://conda.anaconda.org/conda-forge/osx-64/cffi-1.14.6-py38h1a44b6c_1.tar.bz2#e4ad9c7981e985a96da181ecca3d6a4c
https://conda.anaconda.org/conda-forge/osx-64/chardet-4.0.0-py38h50d1736_1.tar.bz2#78e43861bd8d39b948feaa1715b22851
https://conda.anaconda.org/conda-forge/osx-64/click-8.0.3-py38h50d1736_0.tar.bz2#38402ac17c9b45d4d1431f06f0368522
https://conda.anaconda.org/conda-forge/osx-64/libcblas-3.9.0-12_osx64_openblas.tar.bz2#0cb9afc4cfdc6e95aa38328fc1befa05
https://conda.anaconda.org/conda-forge/osx-64/liblapack-3.9.0-12_osx64_openblas.tar.bz2#ca35c8b85ced3a53059c7a001518cbae
https://conda.anaconda.org/conda-forge/osx-64/markupsafe-2.0.1-py38h96a0964_0.tar.bz2#8faa70041542bf72f166f87a83ba0af2
https://conda.anaconda.org/conda-forge/noarch/plotly-5.3.1-pyhd8ed1ab_0.tar.bz2#988d5bfa3a6b982f7c0c3c0ce0f7c323
https://conda.anaconda.org/conda-forge/osx-64/pysocks-1.7.1-py38h50d1736_3.tar.bz2#cbf7ab149d29e578a094bcf99d2dbf09
https://conda.anaconda.org/conda-forge/noarch/python-dateutil-2.8.2-pyhd8ed1ab_0.tar.bz2#dd999d1cc9f79e67dbb855c8924c7984
https://conda.anaconda.org/conda-forge/osx-64/pyyaml-6.0-py38h96a0964_0.tar.bz2#0e9bbd0e8f5dd3c018e0ea6489b41d53
https://conda.anaconda.org/conda-forge/osx-64/setuptools-58.2.0-py38h50d1736_0.tar.bz2#978be8caa1efa32273e165dd58ab12dc
https://conda.anaconda.org/conda-forge/noarch/typing-extensions-3.10.0.2-hd8ed1ab_0.tar.bz2#786c3b0de977da13146a2eaaa091ac46
https://conda.anaconda.org/conda-forge/noarch/werkzeug-2.0.1-pyhd8ed1ab_0.tar.bz2#3b680fa0d39cccd009126087c6422fcc
https://conda.anaconda.org/conda-forge/osx-64/brotlipy-0.7.0-py38h96a0964_1001.tar.bz2#aaf4da127e2c5f3c14c9516ba5bed670
https://conda.anaconda.org/conda-forge/noarch/click-default-group-1.2.2-pyhd8ed1ab_1.tar.bz2#72a46ffc25701c173932fd55cf0965d3
https://conda.anaconda.org/conda-forge/osx-64/cryptography-35.0.0-py38hcc27614_0.tar.bz2#3506820a08bd5d2af7bbcae7694c0909
https://conda.anaconda.org/conda-forge/osx-64/gunicorn-20.1.0-py38h50d1736_0.tar.bz2#cbdf3f552a7be27e5e1849979b43f50a
https://conda.anaconda.org/conda-forge/noarch/jinja2-3.0.2-pyhd8ed1ab_0.tar.bz2#63bce5b7963c5f50273bd86a57b82272
https://conda.anaconda.org/conda-forge/osx-64/numpy-1.21.3-py38h49b9922_0.tar.bz2#48ad49c3d8f74c996b771cf23b7bc952
https://conda.anaconda.org/conda-forge/osx-64/pydantic-1.8.2-py38h96a0964_0.tar.bz2#4f00e730e26322b9eb16a31f844db76f
https://conda.anaconda.org/conda-forge/noarch/flask-2.0.2-pyhd8ed1ab_0.tar.bz2#a863b1dc347c294fc353664082e70230
https://conda.anaconda.org/conda-forge/osx-64/pandas-1.3.4-py38ha53d530_0.tar.bz2#0b74252a63373c772f51e12abda99865
https://conda.anaconda.org/conda-forge/noarch/pyopenssl-21.0.0-pyhd8ed1ab_0.tar.bz2#8c49efecb7dca466e18b06015e8c88ce
https://conda.anaconda.org/conda-forge/noarch/flask-compress-1.10.1-pyhd8ed1ab_0.tar.bz2#e956a2f02e2d846f41a4b3d9be8edd3d
https://conda.anaconda.org/conda-forge/noarch/urllib3-1.26.7-pyhd8ed1ab_0.tar.bz2#be75bab4820a56f77ba1a3fc9139c36a
https://conda.anaconda.org/conda-forge/noarch/dash-2.0.0-pyhd8ed1ab_0.tar.bz2#7939cc944072958fcd2244c0da03decb
https://conda.anaconda.org/conda-forge/noarch/requests-2.26.0-pyhd8ed1ab_0.tar.bz2#0ed2ccbde6db9dd5789068eb7194463f
https://conda.anaconda.org/conda-forge/noarch/ensureconda-1.4.1-pyhd8ed1ab_0.tar.bz2#52a7f7cc9076e2c8a25e15e19ad42821
https://conda.anaconda.org/conda-forge/noarch/conda-lock-0.13.0-pyhd8ed1ab_0.tar.bz2#862f9fcebd455def57ff962b34837aec
