# This lock file was generated by conda-lock (https://github.com/conda/conda-lock). DO NOT EDIT!
#
# A "lock file" contains a concrete list of package versions (with checksums) to be installed. Unlike
# e.g. `conda env create`, the resulting environment will not change as new package versions become
# available, unless you explicitly update the lock file.
#
# Install this environment as "YOURENV" with:
#     conda-lock install -n YOURENV conda-lock.yml
# To update a single package to the latest version compatible with the version constraints in the source:
#     conda-lock lock  --lockfile conda-lock.yml --update PACKAGE
# To re-solve the entire environment, e.g. after changing a version constraint in the source file:
#     conda-lock -f environment.yml --lockfile conda-lock.yml
version: 1
metadata:
  content_hash:
    linux-64: 7c1e070f047ec295c3cecfa2a146b62e65c86a42a6dc4c574f9fb0b34059cc57
  channels:
  - url: eoas_ubc
    used_env_vars: []
  - url: conda-forge
    used_env_vars: []
  platforms:
  - linux-64
  sources:
  - environment.yml
package:
- name: _libgcc_mutex
  version: '0.1'
  manager: conda
  platform: linux-64
  dependencies: {}
  url: https://conda.anaconda.org/conda-forge/linux-64/_libgcc_mutex-0.1-conda_forge.tar.bz2
  hash:
    md5: d7c89558ba9fa0495403155b64376d81
    sha256: fe51de6107f9edc7aa4f786a70f4a883943bc9d39b3bb7307c04c41410990726
  category: main
  optional: false
- name: _openmp_mutex
  version: '4.5'
  manager: conda
  platform: linux-64
  dependencies:
    _libgcc_mutex: '0.1'
    libgomp: '>=7.5.0'
  url: https://conda.anaconda.org/conda-forge/linux-64/_openmp_mutex-4.5-2_gnu.tar.bz2
  hash:
    md5: 73aaf86a425cc6e73fcf236a5a46396d
    sha256: fbe2c5e56a653bebb982eda4876a9178aedfc2b545f25d0ce9c4c0b508253d22
  category: main
  optional: false
- name: blinker
  version: 1.9.0
  manager: conda
  platform: linux-64
  dependencies:
    python: '>=3.9'
  url: https://conda.anaconda.org/conda-forge/noarch/blinker-1.9.0-pyhff2d567_0.conda
  hash:
    md5: 42834439227a4551b939beeeb8a4b085
    sha256: f7efd22b5c15b400ed84a996d777b6327e5c402e79e3c534a7e086236f1eb2dc
  category: main
  optional: false
- name: brotli-python
  version: 1.1.0
  manager: conda
  platform: linux-64
  dependencies:
    __glibc: '>=2.17,<3.0.a0'
    libgcc: '>=14'
    libstdcxx: '>=14'
    python: '>=3.13,<3.14.0a0'
    python_abi: 3.13.*
  url: https://conda.anaconda.org/conda-forge/linux-64/brotli-python-1.1.0-py313h7033f15_4.conda
  hash:
    md5: bc8624c405856b1d047dd0a81829b08c
    sha256: b1941426e564d326097ded7af8b525540be219be7a88ca961d58a8d4fc116db2
  category: main
  optional: false
- name: bzip2
  version: 1.0.8
  manager: conda
  platform: linux-64
  dependencies:
    __glibc: '>=2.17,<3.0.a0'
    libgcc-ng: '>=12'
  url: https://conda.anaconda.org/conda-forge/linux-64/bzip2-1.0.8-h4bc722e_7.conda
  hash:
    md5: 62ee74e96c5ebb0af99386de58cf9553
    sha256: 5ced96500d945fb286c9c838e54fa759aa04a7129c59800f0846b4335cee770d
  category: main
  optional: false
- name: ca-certificates
  version: 2025.8.3
  manager: conda
  platform: linux-64
  dependencies:
    __unix: ''
  url: https://conda.anaconda.org/conda-forge/noarch/ca-certificates-2025.8.3-hbd8a1cb_0.conda
  hash:
    md5: 74784ee3d225fc3dca89edb635b4e5cc
    sha256: 837b795a2bb39b75694ba910c13c15fa4998d4bb2a622c214a6a5174b2ae53d1
  category: main
  optional: false
- name: certifi
  version: 2025.8.3
  manager: conda
  platform: linux-64
  dependencies:
    python: '>=3.9'
  url: https://conda.anaconda.org/conda-forge/noarch/certifi-2025.8.3-pyhd8ed1ab_0.conda
  hash:
    md5: 11f59985f49df4620890f3e746ed7102
    sha256: a1ad5b0a2a242f439608f22a538d2175cac4444b7b3f4e2b8c090ac337aaea40
  category: main
  optional: false
- name: cffi
  version: 1.17.1
  manager: conda
  platform: linux-64
  dependencies:
    __glibc: '>=2.17,<3.0.a0'
    libffi: '>=3.4,<4.0a0'
    libgcc: '>=13'
    pycparser: ''
    python: '>=3.13.0rc1,<3.14.0a0'
    python_abi: 3.13.*
  url: https://conda.anaconda.org/conda-forge/linux-64/cffi-1.17.1-py313hfab6e84_0.conda
  hash:
    md5: ce6386a5892ef686d6d680c345c40ad1
    sha256: 73cd6199b143a8a6cbf733ce124ed57defc1b9a7eab9b10fd437448caf8eaa45
  category: main
  optional: false
- name: charset-normalizer
  version: 3.4.3
  manager: conda
  platform: linux-64
  dependencies:
    python: '>=3.9'
  url: https://conda.anaconda.org/conda-forge/noarch/charset-normalizer-3.4.3-pyhd8ed1ab_0.conda
  hash:
    md5: 7e7d5ef1b9ed630e4a1c358d6bc62284
    sha256: 838d5a011f0e7422be6427becba3de743c78f3874ad2743c341accbba9bb2624
  category: main
  optional: false
- name: click
  version: 8.2.1
  manager: conda
  platform: linux-64
  dependencies:
    __unix: ''
    python: '>=3.10'
  url: https://conda.anaconda.org/conda-forge/noarch/click-8.2.1-pyh707e725_0.conda
  hash:
    md5: 94b550b8d3a614dbd326af798c7dfb40
    sha256: 8aee789c82d8fdd997840c952a586db63c6890b00e88c4fb6e80a38edd5f51c0
  category: main
  optional: false
- name: dash
  version: 3.2.0
  manager: conda
  platform: linux-64
  dependencies:
    flask: '>=1.0.4'
    importlib-metadata: ''
    nest-asyncio: ''
    plotly: '>=5.0.0'
    python: '>=3.9'
    requests: ''
    retrying: ''
    setuptools: ''
    typing_extensions: '>=4.1.1'
    werkzeug: ''
  url: https://conda.anaconda.org/conda-forge/noarch/dash-3.2.0-pyhd8ed1ab_0.conda
  hash:
    md5: da955d1c354e25b15b4e09f837baf01d
    sha256: c0236a03ec31300ef339d8bd7a5cc3bc0828245d0e29de6eb0bb5abf12990d69
  category: main
  optional: false
- name: dash-html-components
  version: 2.0.0
  manager: conda
  platform: linux-64
  dependencies:
    dash: '>=2.0.0'
    python: '>=3.9'
  url: https://conda.anaconda.org/conda-forge/noarch/dash-html-components-2.0.0-pyhd8ed1ab_2.conda
  hash:
    md5: 7ff2cab17bcfe46dff51259a7dd584d6
    sha256: b78b6cd2a4ed2b7eded3288a144a52a934a95fae465080d19e557f90c19dcf31
  category: main
  optional: false
- name: flask
  version: 3.1.2
  manager: conda
  platform: linux-64
  dependencies:
    blinker: '>=1.9.0'
    click: '>=8.1.3'
    importlib-metadata: '>=3.6.0'
    itsdangerous: '>=2.2.0'
    jinja2: '>=3.1.2'
    markupsafe: '>=2.1.1'
    python: '>=3.9'
    werkzeug: '>=3.1.0'
  url: https://conda.anaconda.org/conda-forge/noarch/flask-3.1.2-pyhd8ed1ab_0.conda
  hash:
    md5: ba67a9febeda36948fee26a3dec3d914
    sha256: 8a97eba37e0723720706d4636cc89c6b07eea1b7cc66fd8994fa8983a81ed988
  category: main
  optional: false
- name: gunicorn
  version: 23.0.0
  manager: conda
  platform: linux-64
  dependencies:
    packaging: ''
    python: '>=3.13.0rc1,<3.14.0a0'
    python_abi: 3.13.*
    setuptools: '>=3.0'
  url: https://conda.anaconda.org/conda-forge/linux-64/gunicorn-23.0.0-py313h78bf25f_1.conda
  hash:
    md5: 4954a80f3a561ea1ff883327de0e7700
    sha256: a3f5a81cd95e9ea701b1f2c0db3e8cc066c36735bd8597c41edef039e621d351
  category: main
  optional: false
- name: h2
  version: 4.3.0
  manager: conda
  platform: linux-64
  dependencies:
    hpack: '>=4.1,<5'
    hyperframe: '>=6.1,<7'
    python: ''
  url: https://conda.anaconda.org/conda-forge/noarch/h2-4.3.0-pyhcf101f3_0.conda
  hash:
    md5: 164fc43f0b53b6e3a7bc7dce5e4f1dc9
    sha256: 84c64443368f84b600bfecc529a1194a3b14c3656ee2e832d15a20e0329b6da3
  category: main
  optional: false
- name: hpack
  version: 4.1.0
  manager: conda
  platform: linux-64
  dependencies:
    python: '>=3.9'
  url: https://conda.anaconda.org/conda-forge/noarch/hpack-4.1.0-pyhd8ed1ab_0.conda
  hash:
    md5: 0a802cb9888dd14eeefc611f05c40b6e
    sha256: 6ad78a180576c706aabeb5b4c8ceb97c0cb25f1e112d76495bff23e3779948ba
  category: main
  optional: false
- name: hyperframe
  version: 6.1.0
  manager: conda
  platform: linux-64
  dependencies:
    python: '>=3.9'
  url: https://conda.anaconda.org/conda-forge/noarch/hyperframe-6.1.0-pyhd8ed1ab_0.conda
  hash:
    md5: 8e6923fc12f1fe8f8c4e5c9f343256ac
    sha256: 77af6f5fe8b62ca07d09ac60127a30d9069fdc3c68d6b256754d0ffb1f7779f8
  category: main
  optional: false
- name: idna
  version: '3.10'
  manager: conda
  platform: linux-64
  dependencies:
    python: '>=3.9'
  url: https://conda.anaconda.org/conda-forge/noarch/idna-3.10-pyhd8ed1ab_1.conda
  hash:
    md5: 39a4f67be3286c86d696df570b1201b7
    sha256: d7a472c9fd479e2e8dcb83fb8d433fce971ea369d704ece380e876f9c3494e87
  category: main
  optional: false
- name: importlib-metadata
  version: 8.7.0
  manager: conda
  platform: linux-64
  dependencies:
    python: ''
    zipp: '>=3.20'
  url: https://conda.anaconda.org/conda-forge/noarch/importlib-metadata-8.7.0-pyhe01879c_1.conda
  hash:
    md5: 63ccfdc3a3ce25b027b8767eb722fca8
    sha256: c18ab120a0613ada4391b15981d86ff777b5690ca461ea7e9e49531e8f374745
  category: main
  optional: false
- name: itsdangerous
  version: 2.2.0
  manager: conda
  platform: linux-64
  dependencies:
    python: '>=3.9'
  url: https://conda.anaconda.org/conda-forge/noarch/itsdangerous-2.2.0-pyhd8ed1ab_1.conda
  hash:
    md5: 7ac5f795c15f288984e32add616cdc59
    sha256: 1684b7b16eec08efef5302ce298c606b163c18272b69a62b666fbaa61516f170
  category: main
  optional: false
- name: jinja2
  version: 3.1.6
  manager: conda
  platform: linux-64
  dependencies:
    markupsafe: '>=2.0'
    python: '>=3.9'
  url: https://conda.anaconda.org/conda-forge/noarch/jinja2-3.1.6-pyhd8ed1ab_0.conda
  hash:
    md5: 446bd6c8cb26050d528881df495ce646
    sha256: f1ac18b11637ddadc05642e8185a851c7fab5998c6f5470d716812fae943b2af
  category: main
  optional: false
- name: ld_impl_linux-64
  version: '2.44'
  manager: conda
  platform: linux-64
  dependencies:
    __glibc: '>=2.17,<3.0.a0'
  url: https://conda.anaconda.org/conda-forge/linux-64/ld_impl_linux-64-2.44-h1423503_1.conda
  hash:
    md5: 0be7c6e070c19105f966d3758448d018
    sha256: 1a620f27d79217c1295049ba214c2f80372062fd251b569e9873d4a953d27554
  category: main
  optional: false
- name: libblas
  version: 3.9.0
  manager: conda
  platform: linux-64
  dependencies:
    libopenblas: '>=0.3.30,<1.0a0'
  url: https://conda.anaconda.org/conda-forge/linux-64/libblas-3.9.0-34_h59b9bed_openblas.conda
  hash:
    md5: 064c22bac20fecf2a99838f9b979374c
    sha256: 08a394ba934f68f102298259b150eb5c17a97c30c6da618e1baab4247366eab3
  category: main
  optional: false
- name: libcblas
  version: 3.9.0
  manager: conda
  platform: linux-64
  dependencies:
    libblas: 3.9.0
  url: https://conda.anaconda.org/conda-forge/linux-64/libcblas-3.9.0-34_he106b2a_openblas.conda
  hash:
    md5: 148b531b5457ad666ed76ceb4c766505
    sha256: edde454897c7889c0323216516abb570a593de728c585b14ef41eda2b08ddf3a
  category: main
  optional: false
- name: libexpat
  version: 2.7.1
  manager: conda
  platform: linux-64
  dependencies:
    __glibc: '>=2.17,<3.0.a0'
    libgcc: '>=14'
  url: https://conda.anaconda.org/conda-forge/linux-64/libexpat-2.7.1-hecca717_0.conda
  hash:
    md5: 4211416ecba1866fab0c6470986c22d6
    sha256: da2080da8f0288b95dd86765c801c6e166c4619b910b11f9a8446fb852438dc2
  category: main
  optional: false
- name: libffi
  version: 3.4.6
  manager: conda
  platform: linux-64
  dependencies:
    __glibc: '>=2.17,<3.0.a0'
    libgcc: '>=13'
  url: https://conda.anaconda.org/conda-forge/linux-64/libffi-3.4.6-h2dba641_1.conda
  hash:
    md5: ede4673863426c0883c0063d853bbd85
    sha256: 764432d32db45466e87f10621db5b74363a9f847d2b8b1f9743746cd160f06ab
  category: main
  optional: false
- name: libgcc
  version: 15.1.0
  manager: conda
  platform: linux-64
  dependencies:
    __glibc: '>=2.17,<3.0.a0'
    _openmp_mutex: '>=4.5'
  url: https://conda.anaconda.org/conda-forge/linux-64/libgcc-15.1.0-h767d61c_4.conda
  hash:
    md5: f406dcbb2e7bef90d793e50e79a2882b
    sha256: 144e35c1c2840f2dc202f6915fc41879c19eddbb8fa524e3ca4aa0d14018b26f
  category: main
  optional: false
- name: libgcc-ng
  version: 15.1.0
  manager: conda
  platform: linux-64
  dependencies:
    libgcc: 15.1.0
  url: https://conda.anaconda.org/conda-forge/linux-64/libgcc-ng-15.1.0-h69a702a_4.conda
  hash:
    md5: 28771437ffcd9f3417c66012dc49a3be
    sha256: 76ceac93ed98f208363d6e9c75011b0ff7b97b20f003f06461a619557e726637
  category: main
  optional: false
- name: libgfortran
  version: 15.1.0
  manager: conda
  platform: linux-64
  dependencies:
    libgfortran5: 15.1.0
  url: https://conda.anaconda.org/conda-forge/linux-64/libgfortran-15.1.0-h69a702a_4.conda
  hash:
    md5: 53e876bc2d2648319e94c33c57b9ec74
    sha256: 2fe41683928eb3c57066a60ec441e605a69ce703fc933d6d5167debfeba8a144
  category: main
  optional: false
- name: libgfortran5
  version: 15.1.0
  manager: conda
  platform: linux-64
  dependencies:
    __glibc: '>=2.17,<3.0.a0'
    libgcc: '>=15.1.0'
  url: https://conda.anaconda.org/conda-forge/linux-64/libgfortran5-15.1.0-hcea5267_4.conda
  hash:
    md5: 8a4ab7ff06e4db0be22485332666da0f
    sha256: 3070e5e2681f7f2fb7af0a81b92213f9ab430838900da8b4f9b8cf998ddbdd84
  category: main
  optional: false
- name: libgomp
  version: 15.1.0
  manager: conda
  platform: linux-64
  dependencies:
    __glibc: '>=2.17,<3.0.a0'
  url: https://conda.anaconda.org/conda-forge/linux-64/libgomp-15.1.0-h767d61c_4.conda
  hash:
    md5: 3baf8976c96134738bba224e9ef6b1e5
    sha256: e0487a8fec78802ac04da0ac1139c3510992bc58a58cde66619dde3b363c2933
  category: main
  optional: false
- name: liblapack
  version: 3.9.0
  manager: conda
  platform: linux-64
  dependencies:
    libblas: 3.9.0
  url: https://conda.anaconda.org/conda-forge/linux-64/liblapack-3.9.0-34_h7ac8fdf_openblas.conda
  hash:
    md5: f05a31377b4d9a8d8740f47d1e70b70e
    sha256: 9c941d5da239f614b53065bc5f8a705899326c60c9f349d9fbd7bd78298f13ab
  category: main
  optional: false
- name: liblzma
  version: 5.8.1
  manager: conda
  platform: linux-64
  dependencies:
    __glibc: '>=2.17,<3.0.a0'
    libgcc: '>=13'
  url: https://conda.anaconda.org/conda-forge/linux-64/liblzma-5.8.1-hb9d3cd8_2.conda
  hash:
    md5: 1a580f7796c7bf6393fddb8bbbde58dc
    sha256: f2591c0069447bbe28d4d696b7fcb0c5bd0b4ac582769b89addbcf26fb3430d8
  category: main
  optional: false
- name: libmpdec
  version: 4.0.0
  manager: conda
  platform: linux-64
  dependencies:
    __glibc: '>=2.17,<3.0.a0'
    libgcc: '>=13'
  url: https://conda.anaconda.org/conda-forge/linux-64/libmpdec-4.0.0-hb9d3cd8_0.conda
  hash:
    md5: c7e925f37e3b40d893459e625f6a53f1
    sha256: 3aa92d4074d4063f2a162cd8ecb45dccac93e543e565c01a787e16a43501f7ee
  category: main
  optional: false
- name: libopenblas
  version: 0.3.30
  manager: conda
  platform: linux-64
  dependencies:
    __glibc: '>=2.17,<3.0.a0'
    libgcc: '>=14'
    libgfortran: ''
    libgfortran5: '>=14.3.0'
  url: https://conda.anaconda.org/conda-forge/linux-64/libopenblas-0.3.30-pthreads_h94d23a6_2.conda
  hash:
    md5: dfc5aae7b043d9f56ba99514d5e60625
    sha256: 1b51d1f96e751dc945cc06f79caa91833b0c3326efe24e9b506bd64ef49fc9b0
  category: main
  optional: false
- name: libsqlite
  version: 3.50.4
  manager: conda
  platform: linux-64
  dependencies:
    __glibc: '>=2.17,<3.0.a0'
    libgcc: '>=14'
    libzlib: '>=1.3.1,<2.0a0'
  url: https://conda.anaconda.org/conda-forge/linux-64/libsqlite-3.50.4-h0c1763c_0.conda
  hash:
    md5: 0b367fad34931cb79e0d6b7e5c06bb1c
    sha256: 6d9c32fc369af5a84875725f7ddfbfc2ace795c28f246dc70055a79f9b2003da
  category: main
  optional: false
- name: libstdcxx
  version: 15.1.0
  manager: conda
  platform: linux-64
  dependencies:
    __glibc: '>=2.17,<3.0.a0'
    libgcc: 15.1.0
  url: https://conda.anaconda.org/conda-forge/linux-64/libstdcxx-15.1.0-h8f9b012_4.conda
  hash:
    md5: 3c376af8888c386b9d3d1c2701e2f3ab
    sha256: b5b239e5fca53ff90669af1686c86282c970dd8204ebf477cf679872eb6d48ac
  category: main
  optional: false
- name: libuuid
  version: 2.38.1
  manager: conda
  platform: linux-64
  dependencies:
    libgcc-ng: '>=12'
  url: https://conda.anaconda.org/conda-forge/linux-64/libuuid-2.38.1-h0b41bf4_0.conda
  hash:
    md5: 40b61aab5c7ba9ff276c41cfffe6b80b
    sha256: 787eb542f055a2b3de553614b25f09eefb0a0931b0c87dbcce6efdfd92f04f18
  category: main
  optional: false
- name: libzlib
  version: 1.3.1
  manager: conda
  platform: linux-64
  dependencies:
    __glibc: '>=2.17,<3.0.a0'
    libgcc: '>=13'
  url: https://conda.anaconda.org/conda-forge/linux-64/libzlib-1.3.1-hb9d3cd8_2.conda
  hash:
    md5: edb0dca6bc32e4f4789199455a1dbeb8
    sha256: d4bfe88d7cb447768e31650f06257995601f89076080e76df55e3112d4e47dc4
  category: main
  optional: false
- name: markupsafe
  version: 3.0.2
  manager: conda
  platform: linux-64
  dependencies:
    __glibc: '>=2.17,<3.0.a0'
    libgcc: '>=13'
    python: '>=3.13,<3.14.0a0'
    python_abi: 3.13.*
  url: https://conda.anaconda.org/conda-forge/linux-64/markupsafe-3.0.2-py313h8060acc_1.conda
  hash:
    md5: 21b62c55924f01b6eef6827167b46acb
    sha256: d812caf52efcea7c9fd0eafb21d45dadfd0516812f667b928bee50e87634fae5
  category: main
  optional: false
- name: narwhals
  version: 2.2.0
  manager: conda
  platform: linux-64
  dependencies:
    python: ''
  url: https://conda.anaconda.org/conda-forge/noarch/narwhals-2.2.0-pyhcf101f3_0.conda
  hash:
    md5: 7b058c5f94d7fdfde0f91e3f498b81fc
    sha256: 9f08e4e50695546e6c68288a35350b5cce8be13fbd1f4dc0ecf04a1e180e1673
  category: main
  optional: false
- name: ncurses
  version: '6.5'
  manager: conda
  platform: linux-64
  dependencies:
    __glibc: '>=2.17,<3.0.a0'
    libgcc: '>=13'
  url: https://conda.anaconda.org/conda-forge/linux-64/ncurses-6.5-h2d0b736_3.conda
  hash:
    md5: 47e340acb35de30501a76c7c799c41d7
    sha256: 3fde293232fa3fca98635e1167de6b7c7fda83caf24b9d6c91ec9eefb4f4d586
  category: main
  optional: false
- name: nest-asyncio
  version: 1.6.0
  manager: conda
  platform: linux-64
  dependencies:
    python: '>=3.9'
  url: https://conda.anaconda.org/conda-forge/noarch/nest-asyncio-1.6.0-pyhd8ed1ab_1.conda
  hash:
    md5: 598fd7d4d0de2455fb74f56063969a97
    sha256: bb7b21d7fd0445ddc0631f64e66d91a179de4ba920b8381f29b9d006a42788c0
  category: main
  optional: false
- name: numpy
  version: 2.3.2
  manager: conda
  platform: linux-64
  dependencies:
    __glibc: '>=2.17,<3.0.a0'
    libblas: '>=3.9.0,<4.0a0'
    libcblas: '>=3.9.0,<4.0a0'
    libgcc: '>=14'
    liblapack: '>=3.9.0,<4.0a0'
    libstdcxx: '>=14'
    python: ''
    python_abi: 3.13.*
  url: https://conda.anaconda.org/conda-forge/linux-64/numpy-2.3.2-py313hf6604e3_2.conda
  hash:
    md5: 67d27f74a90f5f0336035203f91a0abc
    sha256: dc99944cc1ab9b1939fc94ca0ad3e7629ff4b8fd371a5c94a153e6a66af5aa0d
  category: main
  optional: false
- name: openssl
  version: 3.5.2
  manager: conda
  platform: linux-64
  dependencies:
    __glibc: '>=2.17,<3.0.a0'
    ca-certificates: ''
    libgcc: '>=14'
  url: https://conda.anaconda.org/conda-forge/linux-64/openssl-3.5.2-h26f9b46_0.conda
  hash:
    md5: ffffb341206dd0dab0c36053c048d621
    sha256: c9f54d4e8212f313be7b02eb962d0cb13a8dae015683a403d3accd4add3e520e
  category: main
  optional: false
- name: packaging
  version: '25.0'
  manager: conda
  platform: linux-64
  dependencies:
    python: ''
  url: https://conda.anaconda.org/conda-forge/noarch/packaging-25.0-pyh29332c3_1.conda
  hash:
    md5: 58335b26c38bf4a20f399384c33cbcf9
    sha256: 289861ed0c13a15d7bbb408796af4de72c2fe67e2bcb0de98f4c3fce259d7991
  category: main
  optional: false
- name: pandas
  version: 2.3.2
  manager: conda
  platform: linux-64
  dependencies:
    __glibc: '>=2.17,<3.0.a0'
    libgcc: '>=14'
    libstdcxx: '>=14'
    numpy: '>=1.23,<3'
    python: '>=3.13,<3.14.0a0'
    python-dateutil: '>=2.8.2'
    python-tzdata: '>=2022.7'
    python_abi: 3.13.*
    pytz: '>=2020.1'
  url: https://conda.anaconda.org/conda-forge/linux-64/pandas-2.3.2-py313h08cd8bf_0.conda
  hash:
    md5: 5f4cc42e08d6d862b7b919a3c8959e0b
    sha256: 692a3bbf69b8fb7112e6416cffdf304c9aefbbe30bcce42ceacdcdd8cf5a1f44
  category: main
  optional: false
- name: pip
  version: '25.2'
  manager: conda
  platform: linux-64
  dependencies:
    python: '>=3.13.0a0'
  url: https://conda.anaconda.org/conda-forge/noarch/pip-25.2-pyh145f28c_0.conda
  hash:
    md5: e7ab34d5a93e0819b62563c78635d937
    sha256: 20fe420bb29c7e655988fd0b654888e6d7755c1d380f82ca2f1bd2493b95d650
  category: main
  optional: false
- name: plotly
  version: 6.3.0
  manager: conda
  platform: linux-64
  dependencies:
    narwhals: '>=1.15.1'
    packaging: ''
    python: '>=3.9'
  url: https://conda.anaconda.org/conda-forge/noarch/plotly-6.3.0-pyhd8ed1ab_0.conda
  hash:
    md5: 5366b5b366cd3a2efa7e638792972ea1
    sha256: de59e60bdb5f42a6da18821e49545a0040c1f6940360c6177b5e3a350cc96d51
  category: main
  optional: false
- name: pycparser
  version: '2.22'
  manager: conda
  platform: linux-64
  dependencies:
    python: ''
  url: https://conda.anaconda.org/conda-forge/noarch/pycparser-2.22-pyh29332c3_1.conda
  hash:
    md5: 12c566707c80111f9799308d9e265aef
    sha256: 79db7928d13fab2d892592223d7570f5061c192f27b9febd1a418427b719acc6
  category: main
  optional: false
- name: pysocks
  version: 1.7.1
  manager: conda
  platform: linux-64
  dependencies:
    __unix: ''
    python: '>=3.9'
  url: https://conda.anaconda.org/conda-forge/noarch/pysocks-1.7.1-pyha55dd90_7.conda
  hash:
    md5: 461219d1a5bd61342293efa2c0c90eac
    sha256: ba3b032fa52709ce0d9fd388f63d330a026754587a2f461117cac9ab73d8d0d8
  category: main
  optional: false
- name: python
  version: 3.13.5
  manager: conda
  platform: linux-64
  dependencies:
    __glibc: '>=2.17,<3.0.a0'
    bzip2: '>=1.0.8,<2.0a0'
    ld_impl_linux-64: '>=2.36.1'
    libexpat: '>=2.7.0,<3.0a0'
    libffi: '>=3.4.6,<3.5.0a0'
    libgcc: '>=13'
    liblzma: '>=5.8.1,<6.0a0'
    libmpdec: '>=4.0.0,<5.0a0'
    libsqlite: '>=3.50.1,<4.0a0'
    libuuid: '>=2.38.1,<3.0a0'
    libzlib: '>=1.3.1,<2.0a0'
    ncurses: '>=6.5,<7.0a0'
    openssl: '>=3.5.0,<4.0a0'
    pip: ''
    python_abi: 3.13.*
    readline: '>=8.2,<9.0a0'
    tk: '>=8.6.13,<8.7.0a0'
    tzdata: ''
  url: https://conda.anaconda.org/conda-forge/linux-64/python-3.13.5-hec9711d_102_cp313.conda
  hash:
    md5: 89e07d92cf50743886f41638d58c4328
    sha256: c2cdcc98ea3cbf78240624e4077e164dc9d5588eefb044b4097c3df54d24d504
  category: main
  optional: false
- name: python-dateutil
  version: 2.9.0.post0
  manager: conda
  platform: linux-64
  dependencies:
    python: ''
    six: '>=1.5'
  url: https://conda.anaconda.org/conda-forge/noarch/python-dateutil-2.9.0.post0-pyhe01879c_2.conda
  hash:
    md5: 5b8d21249ff20967101ffa321cab24e8
    sha256: d6a17ece93bbd5139e02d2bd7dbfa80bee1a4261dced63f65f679121686bf664
  category: main
  optional: false
- name: python-tzdata
  version: '2025.2'
  manager: conda
  platform: linux-64
  dependencies:
    python: '>=3.9'
  url: https://conda.anaconda.org/conda-forge/noarch/python-tzdata-2025.2-pyhd8ed1ab_0.conda
  hash:
    md5: 88476ae6ebd24f39261e0854ac244f33
    sha256: e8392a8044d56ad017c08fec2b0eb10ae3d1235ac967d0aab8bd7b41c4a5eaf0
  category: main
  optional: false
- name: python_abi
  version: '3.13'
  manager: conda
  platform: linux-64
  dependencies: {}
  url: https://conda.anaconda.org/conda-forge/noarch/python_abi-3.13-8_cp313.conda
  hash:
    md5: 94305520c52a4aa3f6c2b1ff6008d9f8
    sha256: 210bffe7b121e651419cb196a2a63687b087497595c9be9d20ebe97dd06060a7
  category: main
  optional: false
- name: pytz
  version: '2025.2'
  manager: conda
  platform: linux-64
  dependencies:
    python: '>=3.9'
  url: https://conda.anaconda.org/conda-forge/noarch/pytz-2025.2-pyhd8ed1ab_0.conda
  hash:
    md5: bc8e3267d44011051f2eb14d22fb0960
    sha256: 8d2a8bf110cc1fc3df6904091dead158ba3e614d8402a83e51ed3a8aa93cdeb0
  category: main
  optional: false
- name: readline
  version: '8.2'
  manager: conda
  platform: linux-64
  dependencies:
    libgcc: '>=13'
    ncurses: '>=6.5,<7.0a0'
  url: https://conda.anaconda.org/conda-forge/linux-64/readline-8.2-h8c095d6_2.conda
  hash:
    md5: 283b96675859b20a825f8fa30f311446
    sha256: 2d6d0c026902561ed77cd646b5021aef2d4db22e57a5b0178dfc669231e06d2c
  category: main
  optional: false
- name: requests
  version: 2.32.5
  manager: conda
  platform: linux-64
  dependencies:
    certifi: '>=2017.4.17'
    charset-normalizer: '>=2,<4'
    idna: '>=2.5,<4'
    python: '>=3.9'
    urllib3: '>=1.21.1,<3'
  url: https://conda.anaconda.org/conda-forge/noarch/requests-2.32.5-pyhd8ed1ab_0.conda
  hash:
    md5: db0c6b99149880c8ba515cf4abe93ee4
    sha256: 8dc54e94721e9ab545d7234aa5192b74102263d3e704e6d0c8aa7008f2da2a7b
  category: main
  optional: false
- name: retrying
  version: 1.4.2
  manager: conda
  platform: linux-64
  dependencies:
    python: ''
  url: https://conda.anaconda.org/conda-forge/noarch/retrying-1.4.2-pyhe01879c_0.conda
  hash:
    md5: 128b46a47ea164f9a8659cb6da2f3555
    sha256: 7a10527962d2ca2cf936872ef58d4b622b1d1d1703e1d6396d0673fd9f883c7f
  category: main
  optional: false
- name: setuptools
  version: 80.9.0
  manager: conda
  platform: linux-64
  dependencies:
    python: '>=3.9'
  url: https://conda.anaconda.org/conda-forge/noarch/setuptools-80.9.0-pyhff2d567_0.conda
  hash:
    md5: 4de79c071274a53dcaf2a8c749d1499e
    sha256: 972560fcf9657058e3e1f97186cc94389144b46dbdf58c807ce62e83f977e863
  category: main
  optional: false
- name: six
  version: 1.17.0
  manager: conda
  platform: linux-64
  dependencies:
    python: ''
  url: https://conda.anaconda.org/conda-forge/noarch/six-1.17.0-pyhe01879c_1.conda
  hash:
    md5: 3339e3b65d58accf4ca4fb8748ab16b3
    sha256: 458227f759d5e3fcec5d9b7acce54e10c9e1f4f4b7ec978f3bfd54ce4ee9853d
  category: main
  optional: false
- name: tk
  version: 8.6.13
  manager: conda
  platform: linux-64
  dependencies:
    __glibc: '>=2.17,<3.0.a0'
    libgcc: '>=13'
    libzlib: '>=1.3.1,<2.0a0'
  url: https://conda.anaconda.org/conda-forge/linux-64/tk-8.6.13-noxft_hd72426e_102.conda
  hash:
    md5: a0116df4f4ed05c303811a837d5b39d8
    sha256: a84ff687119e6d8752346d1d408d5cf360dee0badd487a472aa8ddedfdc219e1
  category: main
  optional: false
- name: typing_extensions
  version: 4.15.0
  manager: conda
  platform: linux-64
  dependencies:
    python: ''
  url: https://conda.anaconda.org/conda-forge/noarch/typing_extensions-4.15.0-pyhcf101f3_0.conda
  hash:
    md5: 0caa1af407ecff61170c9437a808404d
    sha256: 032271135bca55aeb156cee361c81350c6f3fb203f57d024d7e5a1fc9ef18731
  category: main
  optional: false
- name: tzdata
  version: 2025b
  manager: conda
  platform: linux-64
  dependencies: {}
  url: https://conda.anaconda.org/conda-forge/noarch/tzdata-2025b-h78e105d_0.conda
  hash:
    md5: 4222072737ccff51314b5ece9c7d6f5a
    sha256: 5aaa366385d716557e365f0a4e9c3fca43ba196872abbbe3d56bb610d131e192
  category: main
  optional: false
- name: urllib3
  version: 2.5.0
  manager: conda
  platform: linux-64
  dependencies:
    brotli-python: '>=1.0.9'
    h2: '>=4,<5'
    pysocks: '>=1.5.6,<2.0,!=1.5.7'
    python: '>=3.9'
    zstandard: '>=0.18.0'
  url: https://conda.anaconda.org/conda-forge/noarch/urllib3-2.5.0-pyhd8ed1ab_0.conda
  hash:
    md5: 436c165519e140cb08d246a4472a9d6a
    sha256: 4fb9789154bd666ca74e428d973df81087a697dbb987775bc3198d2215f240f8
  category: main
  optional: false
- name: werkzeug
  version: 3.1.3
  manager: conda
  platform: linux-64
  dependencies:
    markupsafe: '>=2.1.1'
    python: '>=3.9'
  url: https://conda.anaconda.org/conda-forge/noarch/werkzeug-3.1.3-pyhd8ed1ab_1.conda
  hash:
    md5: 0a9b57c159d56b508613cc39022c1b9e
    sha256: cd9a603beae0b237be7d9dfae8ae0b36ad62666ac4bb073969bce7da6f55157c
  category: main
  optional: false
- name: zipp
  version: 3.23.0
  manager: conda
  platform: linux-64
  dependencies:
    python: '>=3.9'
  url: https://conda.anaconda.org/conda-forge/noarch/zipp-3.23.0-pyhd8ed1ab_0.conda
  hash:
    md5: df5e78d904988eb55042c0c97446079f
    sha256: 7560d21e1b021fd40b65bfb72f67945a3fcb83d78ad7ccf37b8b3165ec3b68ad
  category: main
  optional: false
- name: zstandard
  version: 0.23.0
  manager: conda
  platform: linux-64
  dependencies:
    __glibc: '>=2.17,<3.0.a0'
    cffi: '>=1.11'
    libgcc: '>=14'
    python: '>=3.13,<3.14.0a0'
    python_abi: 3.13.*
  url: https://conda.anaconda.org/conda-forge/linux-64/zstandard-0.23.0-py313h07c4f96_3.conda
  hash:
    md5: 0720da5e63f3c93647350cc217fdf2bc
    sha256: a2e3a0f646bc2f33fd87de332f73b88b7c3efb7b693e06a920f6aaa0d2f49231
  category: main
  optional: false
