# Generated by conda-lock.
# platform: linux-64
# input_hash: e33b19a98a355cc1b5c1184ea33a64d50deecc8543f1b2aa473d1707f6adb1a3
@EXPLICIT
https://conda.anaconda.org/conda-forge/linux-64/_libgcc_mutex-0.1-conda_forge.tar.bz2#d7c89558ba9fa0495403155b64376d81
https://conda.anaconda.org/conda-forge/linux-64/ca-certificates-2021.10.8-ha878542_0.tar.bz2#575611b8a84f45960e87722eeb51fa26
https://conda.anaconda.org/conda-forge/linux-64/ld_impl_linux-64-2.36.1-hea4e1c9_2.tar.bz2#bd4f2e711b39af170e7ff15163fe87ee
https://conda.anaconda.org/conda-forge/linux-64/libgfortran5-11.2.0-h5c6108e_11.tar.bz2#2dcb18a9a0fa31f4f29e5a9b3eade394
https://conda.anaconda.org/conda-forge/linux-64/libstdcxx-ng-11.2.0-he4da1e4_11.tar.bz2#0bf83958e788f1e75ba26154cb702afe
https://conda.anaconda.org/conda-forge/linux-64/libgfortran-ng-11.2.0-h69a702a_11.tar.bz2#4ea2f9f83b617a7682e8aa05dcb37c6a
https://conda.anaconda.org/conda-forge/linux-64/libgomp-11.2.0-h1d223b6_11.tar.bz2#1d16527c76842bf9c41e9399d39d8097
https://conda.anaconda.org/conda-forge/linux-64/_openmp_mutex-4.5-1_gnu.tar.bz2#561e277319a41d4f24f5c05a9ef63c04
https://conda.anaconda.org/conda-forge/linux-64/libgcc-ng-11.2.0-h1d223b6_11.tar.bz2#e3495f4f93cfd6b68021cbe2b5844cd5
https://conda.anaconda.org/conda-forge/linux-64/libffi-3.4.2-h7f98852_5.tar.bz2#d645c6d2ac96843a2bfaccd2d62b3ac3
https://conda.anaconda.org/conda-forge/linux-64/libnsl-2.0.0-h7f98852_0.tar.bz2#39b1328babf85c7c3a61636d9cd50206
https://conda.anaconda.org/conda-forge/linux-64/libopenblas-0.3.18-pthreads_h8fe5266_0.tar.bz2#41532e4448c0cce086d6570f95e4e12e
https://conda.anaconda.org/conda-forge/linux-64/libzlib-1.2.11-h36c2ea0_1013.tar.bz2#dcddf696ff5dfcab567100d691678e18
https://conda.anaconda.org/conda-forge/linux-64/ncurses-6.2-h58526e2_4.tar.bz2#509f2a21c4a09214cd737a480dfd80c9
https://conda.anaconda.org/conda-forge/linux-64/openssl-1.1.1l-h7f98852_0.tar.bz2#de7b38a1542dbe6f41653a8ae71adc53
https://conda.anaconda.org/conda-forge/linux-64/xz-5.2.5-h516909a_1.tar.bz2#33f601066901f3e1a85af3522a8113f9
https://conda.anaconda.org/conda-forge/linux-64/yaml-0.2.5-h516909a_0.tar.bz2#03a530e925414902547cf48da7756db8
https://conda.anaconda.org/conda-forge/linux-64/libblas-3.9.0-12_linux64_openblas.tar.bz2#4f93ba28c628a2c27cf39c055e6b219c
https://conda.anaconda.org/conda-forge/linux-64/readline-8.1-h46c0cb4_0.tar.bz2#5788de3c8d7a7d64ac56c784c4ef48e6
https://conda.anaconda.org/conda-forge/linux-64/zlib-1.2.11-h36c2ea0_1013.tar.bz2#cf7190238072a41e9579e4476a6a60b8
https://conda.anaconda.org/conda-forge/linux-64/libcblas-3.9.0-12_linux64_openblas.tar.bz2#2e5082d4a9a18c21100e6ce5b6bcb4ec
https://conda.anaconda.org/conda-forge/linux-64/liblapack-3.9.0-12_linux64_openblas.tar.bz2#9f401a6807a97e0c859d7522ae3d51ec
https://conda.anaconda.org/conda-forge/linux-64/sqlite-3.36.0-h9cd32fc_2.tar.bz2#3588c2c6cb9f9bcc65b544ab1c715d60
https://conda.anaconda.org/conda-forge/linux-64/tk-8.6.11-h27826a3_1.tar.bz2#84e76fb280e735fec1efd2d21fd9cb27
https://conda.anaconda.org/conda-forge/linux-64/python-3.8.12-hb7a2778_2_cpython.tar.bz2#148ea076514259c7f562fbfba956a693
https://conda.anaconda.org/conda-forge/noarch/appdirs-1.4.4-pyh9f0ad1d_0.tar.bz2#5f095bc6454094e96f146491fd03633b
https://conda.anaconda.org/conda-forge/noarch/charset-normalizer-2.0.0-pyhd8ed1ab_0.tar.bz2#4a57e24d5b759893615c05926b7b5fb9
https://conda.anaconda.org/conda-forge/noarch/dataclasses-0.8-pyhc8e2a94_3.tar.bz2#a362b2124b06aad102e2ee4581acee7d
https://conda.anaconda.org/conda-forge/noarch/filelock-3.4.0-pyhd8ed1ab_0.tar.bz2#caff9785491992b3250ed4048fe51e2c
https://conda.anaconda.org/conda-forge/noarch/idna-3.1-pyhd3deb0d_0.tar.bz2#9c9aea4b8391264477df484f798562d0
https://conda.anaconda.org/conda-forge/noarch/itsdangerous-2.0.1-pyhd8ed1ab_0.tar.bz2#030cb050b845611262dcd3ee1c66316b
https://conda.anaconda.org/conda-forge/noarch/pycparser-2.21-pyhd8ed1ab_0.tar.bz2#076becd9e05608f8dc72757d5f3a91ff
https://conda.anaconda.org/conda-forge/linux-64/python_abi-3.8-2_cp38.tar.bz2#bfbb29d517281e78ac53e48d21e6e860
https://conda.anaconda.org/conda-forge/noarch/six-1.16.0-pyh6c4a22f_0.tar.bz2#e5f25f8dbc060e9a8d912e432202afc2
https://conda.anaconda.org/conda-forge/noarch/tenacity-8.0.1-pyhd8ed1ab_0.tar.bz2#8b29b2c12cb21dbd057755e5fd22d005
https://conda.anaconda.org/conda-forge/noarch/toml-0.10.2-pyhd8ed1ab_0.tar.bz2#f832c45a477c78bebd107098db465095
https://conda.anaconda.org/conda-forge/noarch/typing_extensions-4.0.0-pyha770c72_0.tar.bz2#867353d58b5967a994dd3cec85166ad8
https://conda.anaconda.org/conda-forge/linux-64/brotli-python-1.0.9-py38h709712a_6.tar.bz2#e8d7153927d8da9d1fca363863e04784
https://conda.anaconda.org/conda-forge/linux-64/certifi-2021.10.8-py38h578d9bd_1.tar.bz2#52a6cee65a5d10ed1c3f0af24fb48dd3
https://conda.anaconda.org/conda-forge/linux-64/cffi-1.15.0-py38h3931269_0.tar.bz2#9c491a90ae11d08ca97326a0ed876f3a
https://conda.anaconda.org/conda-forge/linux-64/chardet-4.0.0-py38h578d9bd_2.tar.bz2#b1ac3204dde49f0d9ab8adce12676920
https://conda.anaconda.org/conda-forge/linux-64/click-8.0.3-py38h578d9bd_1.tar.bz2#edee3c8cc58ceba6153ac96524146985
https://conda.anaconda.org/conda-forge/linux-64/markupsafe-2.0.1-py38h497a2fe_1.tar.bz2#1ef7b5f4826ca48a15e2cd98a5c3436d
https://conda.anaconda.org/conda-forge/linux-64/numpy-1.21.4-py38he2449b9_0.tar.bz2#937a6c3d23aaf60f500514a3ea5709cb
https://conda.anaconda.org/conda-forge/noarch/plotly-5.4.0-pyhd8ed1ab_0.tar.bz2#d261c4effa3a917ab44e16ec76394452
https://conda.anaconda.org/conda-forge/linux-64/pysocks-1.7.1-py38h578d9bd_4.tar.bz2#9c4bbee6f682f2fc7d7803df3996e77e
https://conda.anaconda.org/conda-forge/linux-64/pyyaml-6.0-py38h497a2fe_3.tar.bz2#131de7d638aa59fb8afbce59f1a8aa98
https://conda.anaconda.org/conda-forge/linux-64/setuptools-59.1.1-py38h578d9bd_0.tar.bz2#2a8ad6699d9691c5992ecf490703bec2
https://conda.anaconda.org/conda-forge/noarch/typing-extensions-4.0.0-hd8ed1ab_0.tar.bz2#673180987c7cedf380792f046425d37d
https://conda.anaconda.org/conda-forge/noarch/werkzeug-2.0.1-pyhd8ed1ab_0.tar.bz2#3b680fa0d39cccd009126087c6422fcc
https://conda.anaconda.org/conda-forge/linux-64/brotlipy-0.7.0-py38h497a2fe_1003.tar.bz2#9189b42c42b9c87b2b2068cbe31901a8
https://conda.anaconda.org/conda-forge/noarch/click-default-group-1.2.2-pyhd8ed1ab_1.tar.bz2#72a46ffc25701c173932fd55cf0965d3
https://conda.anaconda.org/conda-forge/linux-64/cryptography-35.0.0-py38h3e25421_2.tar.bz2#ebb8cc9dcac756a087a3639e69a3ae26
https://conda.anaconda.org/conda-forge/linux-64/gunicorn-20.1.0-py38h578d9bd_1.tar.bz2#0091c16b5044dfc8786acea14413f9c4
https://conda.anaconda.org/conda-forge/noarch/jinja2-3.0.3-pyhd8ed1ab_0.tar.bz2#036d872c653780cb26e797e2e2f61b4c
https://conda.anaconda.org/conda-forge/linux-64/pydantic-1.8.2-py38h497a2fe_2.tar.bz2#f6662f62238aaed3ded2a1294639ab86
https://conda.anaconda.org/conda-forge/noarch/flask-2.0.2-pyhd8ed1ab_0.tar.bz2#a863b1dc347c294fc353664082e70230
https://conda.anaconda.org/conda-forge/noarch/pyopenssl-21.0.0-pyhd8ed1ab_0.tar.bz2#8c49efecb7dca466e18b06015e8c88ce
https://conda.anaconda.org/conda-forge/noarch/flask-compress-1.10.1-pyhd8ed1ab_0.tar.bz2#e956a2f02e2d846f41a4b3d9be8edd3d
https://conda.anaconda.org/conda-forge/noarch/urllib3-1.26.7-pyhd8ed1ab_0.tar.bz2#be75bab4820a56f77ba1a3fc9139c36a
https://conda.anaconda.org/conda-forge/noarch/dash-2.0.0-pyhd8ed1ab_0.tar.bz2#7939cc944072958fcd2244c0da03decb
https://conda.anaconda.org/conda-forge/noarch/requests-2.26.0-pyhd8ed1ab_0.tar.bz2#0ed2ccbde6db9dd5789068eb7194463f
https://conda.anaconda.org/conda-forge/noarch/ensureconda-1.4.1-pyhd8ed1ab_0.tar.bz2#52a7f7cc9076e2c8a25e15e19ad42821
https://conda.anaconda.org/conda-forge/noarch/conda-lock-0.13.1-pyhd8ed1ab_0.tar.bz2#2e3e581b9c7d493191d08ed88c18f7c0
